
Microsoft Visual Studio Solution File, Format Version 12.00
# Visual Studio Version 16
VisualStudioVersion = 16.0.30104.148
MinimumVisualStudioVersion = 10.0.40219.1
Project("{8BC9CEB8-8B4A-11D0-8D11-00A0C91BC942}") = "Project3CornerGrocer", "Project3CornerGrocer.vcxproj", "{9B44EC4A-AAB8-4638-B7BA-1BA7E187E540}"
EndProject
Global
	GlobalSection(SolutionConfigurationPlatforms) = preSolution
		Debug|x64 = Debug|x64
		Debug|x86 = Debug|x86
		Release|x64 = Release|x64
		Release|x86 = Release|x86
	EndGlobalSection
	GlobalSection(ProjectConfigurationPlatforms) = postSolution
		{9B44EC4A-AAB8-4638-B7BA-1BA7E187E540}.Debug|x64.ActiveCfg = Debug|x64
		{9B44EC4A-AAB8-4638-B7BA-1BA7E187E540}.Debug|x64.Build.0 = Debug|x64
		{9B44EC4A-AAB8-4638-B7BA-1BA7E187E540}.Debug|x86.ActiveCfg = Debug|Win32
		{9B44EC4A-AAB8-4638-B7BA-1BA7E187E540}.Debug|x86.Build.0 = Debug|Win32
		{9B44EC4A-AAB8-4638-B7BA-1BA7E187E540}.Release|x64.ActiveCfg = Release|x64
		{9B44EC4A-AAB8-4638-B7BA-1BA7E187E540}.Release|x64.Build.0 = Release|x64
		{9B44EC4A-AAB8-4638-B7BA-1BA7E187E540}.Release|x86.ActiveCfg = Release|Win32
		{9B44EC4A-AAB8-4638-B7BA-1BA7E187E540}.Release|x86.Build.0 = Release|Win32
	EndGlobalSection
	GlobalSection(SolutionProperties) = preSolution
		HideSolutionNode = FALSE
	EndGlobalSection
	GlobalSection(ExtensibilityGlobals) = postSolution
		SolutionGuid = {C29703C7-6584-4566-A53E-224B7824A7AE}
	EndGlobalSection
EndGlobal
